// !$*UTF8*$!
{
	archiveVersion = 1;
	classes = {
	};
	objectVersion = 56;
	objects = {

/* Begin PBXBuildFile section */
		2CF8CA33A8A97CF10F1C2D75 /* Pods_TMDB_SWIFTUITests.framework in Frameworks */ = {isa = PBXBuildFile; fileRef = 1C06BE8C1C5E6515E6237529 /* Pods_TMDB_SWIFTUITests.framework */; };
		414C9CA0F08BFF68769743F8 /* Pods_TMDB_SWIFTUI.framework in Frameworks */ = {isa = PBXBuildFile; fileRef = DE9DB394672731F43254ECB3 /* Pods_TMDB_SWIFTUI.framework */; };
		7CBE129729BC5D0500B6948B /* MovieImage.swift in Sources */ = {isa = PBXBuildFile; fileRef = 7CBE129629BC5D0500B6948B /* MovieImage.swift */; };
		7CBE129B29BD7A6900B6948B /* TrendingView.swift in Sources */ = {isa = PBXBuildFile; fileRef = 7CBE129A29BD7A6900B6948B /* TrendingView.swift */; };
		7CBE12A029BDBEA600B6948B /* TmdbDetailsView.swift in Sources */ = {isa = PBXBuildFile; fileRef = 7CBE129F29BDBEA600B6948B /* TmdbDetailsView.swift */; };
		7CBE12A329BDCAD200B6948B /* SearchView.swift in Sources */ = {isa = PBXBuildFile; fileRef = 7CBE12A229BDCAD200B6948B /* SearchView.swift */; };
		7CBE12A629BE22A300B6948B /* Simulator Screen Recording - iPhone 14 Pro - 2023-03-12 at 20.44.25.gif in Resources */ = {isa = PBXBuildFile; fileRef = 7CBE12A529BE22A300B6948B /* Simulator Screen Recording - iPhone 14 Pro - 2023-03-12 at 20.44.25.gif */; };
		7CC60D9429BC23AD0051F92E /* TMDB_SWIFTUIApp.swift in Sources */ = {isa = PBXBuildFile; fileRef = 7CC60D9329BC23AD0051F92E /* TMDB_SWIFTUIApp.swift */; };
		7CC60D9629BC23AD0051F92E /* TmdbInitialView.swift in Sources */ = {isa = PBXBuildFile; fileRef = 7CC60D9529BC23AD0051F92E /* TmdbInitialView.swift */; };
		7CC60D9829BC23AE0051F92E /* Assets.xcassets in Resources */ = {isa = PBXBuildFile; fileRef = 7CC60D9729BC23AE0051F92E /* Assets.xcassets */; };
		7CC60D9B29BC23AE0051F92E /* Preview Assets.xcassets in Resources */ = {isa = PBXBuildFile; fileRef = 7CC60D9A29BC23AE0051F92E /* Preview Assets.xcassets */; };
		7CC60DA529BC23AE0051F92E /* TMDB_SWIFTUITests.swift in Sources */ = {isa = PBXBuildFile; fileRef = 7CC60DA429BC23AE0051F92E /* TMDB_SWIFTUITests.swift */; };
		7CC60DAF29BC23AF0051F92E /* TMDB_SWIFTUIUITests.swift in Sources */ = {isa = PBXBuildFile; fileRef = 7CC60DAE29BC23AF0051F92E /* TMDB_SWIFTUIUITests.swift */; };
		7CC60DB129BC23AF0051F92E /* TMDB_SWIFTUIUITestsLaunchTests.swift in Sources */ = {isa = PBXBuildFile; fileRef = 7CC60DB029BC23AF0051F92E /* TMDB_SWIFTUIUITestsLaunchTests.swift */; };
		7CC60DC029BC24970051F92E /* AppUrls.swift in Sources */ = {isa = PBXBuildFile; fileRef = 7CC60DBF29BC24970051F92E /* AppUrls.swift */; };
		7CC60DC229BC24B50051F92E /* ApiConstants.swift in Sources */ = {isa = PBXBuildFile; fileRef = 7CC60DC129BC24B50051F92E /* ApiConstants.swift */; };
		7CC60DC529BC24EB0051F92E /* ApiErrors.swift in Sources */ = {isa = PBXBuildFile; fileRef = 7CC60DC429BC24EB0051F92E /* ApiErrors.swift */; };
		7CC60DC729BC250B0051F92E /* TmdbDataService.swift in Sources */ = {isa = PBXBuildFile; fileRef = 7CC60DC629BC250B0051F92E /* TmdbDataService.swift */; };
		7CCE6F5D29BC281E006F2EF8 /* TrendingModel.swift in Sources */ = {isa = PBXBuildFile; fileRef = 7CCE6F5C29BC281E006F2EF8 /* TrendingModel.swift */; };
		7CCE6F5F29BC2857006F2EF8 /* TrendingViewModel.swift in Sources */ = {isa = PBXBuildFile; fileRef = 7CCE6F5E29BC2857006F2EF8 /* TrendingViewModel.swift */; };
		7CCE6F6229BC3762006F2EF8 /* MovieCard.swift in Sources */ = {isa = PBXBuildFile; fileRef = 7CCE6F6129BC3762006F2EF8 /* MovieCard.swift */; };
		91083FEBFC4D021489844E99 /* Pods_TMDB_SWIFTUI_TMDB_SWIFTUIUITests.framework in Frameworks */ = {isa = PBXBuildFile; fileRef = 2CC71071D6931DF01F422831 /* Pods_TMDB_SWIFTUI_TMDB_SWIFTUIUITests.framework */; };
/* End PBXBuildFile section */

/* Begin PBXContainerItemProxy section */
		7CC60DA129BC23AE0051F92E /* PBXContainerItemProxy */ = {
			isa = PBXContainerItemProxy;
			containerPortal = 7CC60D8829BC23AD0051F92E /* Project object */;
			proxyType = 1;
			remoteGlobalIDString = 7CC60D8F29BC23AD0051F92E;
			remoteInfo = TMDB_SWIFTUI;
		};
		7CC60DAB29BC23AF0051F92E /* PBXContainerItemProxy */ = {
			isa = PBXContainerItemProxy;
			containerPortal = 7CC60D8829BC23AD0051F92E /* Project object */;
			proxyType = 1;
			remoteGlobalIDString = 7CC60D8F29BC23AD0051F92E;
			remoteInfo = TMDB_SWIFTUI;
		};
/* End PBXContainerItemProxy section */

/* Begin PBXFileReference section */
		0F2FCF03BF1D5AA0416727D3 /* Pods-TMDB_SWIFTUI.debug.xcconfig */ = {isa = PBXFileReference; includeInIndex = 1; lastKnownFileType = text.xcconfig; name = "Pods-TMDB_SWIFTUI.debug.xcconfig"; path = "Target Support Files/Pods-TMDB_SWIFTUI/Pods-TMDB_SWIFTUI.debug.xcconfig"; sourceTree = "<group>"; };
		1C06BE8C1C5E6515E6237529 /* Pods_TMDB_SWIFTUITests.framework */ = {isa = PBXFileReference; explicitFileType = wrapper.framework; includeInIndex = 0; path = Pods_TMDB_SWIFTUITests.framework; sourceTree = BUILT_PRODUCTS_DIR; };
		20A3AB6EBF012CF734491E40 /* Pods-TMDB_SWIFTUI-TMDB_SWIFTUIUITests.debug.xcconfig */ = {isa = PBXFileReference; includeInIndex = 1; lastKnownFileType = text.xcconfig; name = "Pods-TMDB_SWIFTUI-TMDB_SWIFTUIUITests.debug.xcconfig"; path = "Target Support Files/Pods-TMDB_SWIFTUI-TMDB_SWIFTUIUITests/Pods-TMDB_SWIFTUI-TMDB_SWIFTUIUITests.debug.xcconfig"; sourceTree = "<group>"; };
		2CC71071D6931DF01F422831 /* Pods_TMDB_SWIFTUI_TMDB_SWIFTUIUITests.framework */ = {isa = PBXFileReference; explicitFileType = wrapper.framework; includeInIndex = 0; path = Pods_TMDB_SWIFTUI_TMDB_SWIFTUIUITests.framework; sourceTree = BUILT_PRODUCTS_DIR; };
		44BD7157520BF88EA27A0BC4 /* Pods-TMDB_SWIFTUITests.release.xcconfig */ = {isa = PBXFileReference; includeInIndex = 1; lastKnownFileType = text.xcconfig; name = "Pods-TMDB_SWIFTUITests.release.xcconfig"; path = "Target Support Files/Pods-TMDB_SWIFTUITests/Pods-TMDB_SWIFTUITests.release.xcconfig"; sourceTree = "<group>"; };
		7CBE129629BC5D0500B6948B /* MovieImage.swift */ = {isa = PBXFileReference; lastKnownFileType = sourcecode.swift; path = MovieImage.swift; sourceTree = "<group>"; };
		7CBE129A29BD7A6900B6948B /* TrendingView.swift */ = {isa = PBXFileReference; lastKnownFileType = sourcecode.swift; path = TrendingView.swift; sourceTree = "<group>"; };
		7CBE129F29BDBEA600B6948B /* TmdbDetailsView.swift */ = {isa = PBXFileReference; lastKnownFileType = sourcecode.swift; path = TmdbDetailsView.swift; sourceTree = "<group>"; };
		7CBE12A229BDCAD200B6948B /* SearchView.swift */ = {isa = PBXFileReference; lastKnownFileType = sourcecode.swift; path = SearchView.swift; sourceTree = "<group>"; };
		7CBE12A529BE22A300B6948B /* Simulator Screen Recording - iPhone 14 Pro - 2023-03-12 at 20.44.25.gif */ = {isa = PBXFileReference; lastKnownFileType = image.gif; name = "Simulator Screen Recording - iPhone 14 Pro - 2023-03-12 at 20.44.25.gif"; path = "../../../../Desktop/Simulator Screen Recording - iPhone 14 Pro - 2023-03-12 at 20.44.25.gif"; sourceTree = "<group>"; };
		7CC60D9029BC23AD0051F92E /* TMDB_SWIFTUI.app */ = {isa = PBXFileReference; explicitFileType = wrapper.application; includeInIndex = 0; path = TMDB_SWIFTUI.app; sourceTree = BUILT_PRODUCTS_DIR; };
		7CC60D9329BC23AD0051F92E /* TMDB_SWIFTUIApp.swift */ = {isa = PBXFileReference; lastKnownFileType = sourcecode.swift; path = TMDB_SWIFTUIApp.swift; sourceTree = "<group>"; };
		7CC60D9529BC23AD0051F92E /* TmdbInitialView.swift */ = {isa = PBXFileReference; lastKnownFileType = sourcecode.swift; path = TmdbInitialView.swift; sourceTree = "<group>"; };
		7CC60D9729BC23AE0051F92E /* Assets.xcassets */ = {isa = PBXFileReference; lastKnownFileType = folder.assetcatalog; path = Assets.xcassets; sourceTree = "<group>"; };
		7CC60D9A29BC23AE0051F92E /* Preview Assets.xcassets */ = {isa = PBXFileReference; lastKnownFileType = folder.assetcatalog; path = "Preview Assets.xcassets"; sourceTree = "<group>"; };
		7CC60DA029BC23AE0051F92E /* TMDB_SWIFTUITests.xctest */ = {isa = PBXFileReference; explicitFileType = wrapper.cfbundle; includeInIndex = 0; path = TMDB_SWIFTUITests.xctest; sourceTree = BUILT_PRODUCTS_DIR; };
		7CC60DA429BC23AE0051F92E /* TMDB_SWIFTUITests.swift */ = {isa = PBXFileReference; lastKnownFileType = sourcecode.swift; path = TMDB_SWIFTUITests.swift; sourceTree = "<group>"; };
		7CC60DAA29BC23AF0051F92E /* TMDB_SWIFTUIUITests.xctest */ = {isa = PBXFileReference; explicitFileType = wrapper.cfbundle; includeInIndex = 0; path = TMDB_SWIFTUIUITests.xctest; sourceTree = BUILT_PRODUCTS_DIR; };
		7CC60DAE29BC23AF0051F92E /* TMDB_SWIFTUIUITests.swift */ = {isa = PBXFileReference; lastKnownFileType = sourcecode.swift; path = TMDB_SWIFTUIUITests.swift; sourceTree = "<group>"; };
		7CC60DB029BC23AF0051F92E /* TMDB_SWIFTUIUITestsLaunchTests.swift */ = {isa = PBXFileReference; lastKnownFileType = sourcecode.swift; path = TMDB_SWIFTUIUITestsLaunchTests.swift; sourceTree = "<group>"; };
		7CC60DBF29BC24970051F92E /* AppUrls.swift */ = {isa = PBXFileReference; lastKnownFileType = sourcecode.swift; path = AppUrls.swift; sourceTree = "<group>"; };
		7CC60DC129BC24B50051F92E /* ApiConstants.swift */ = {isa = PBXFileReference; lastKnownFileType = sourcecode.swift; path = ApiConstants.swift; sourceTree = "<group>"; };
		7CC60DC429BC24EB0051F92E /* ApiErrors.swift */ = {isa = PBXFileReference; lastKnownFileType = sourcecode.swift; path = ApiErrors.swift; sourceTree = "<group>"; };
		7CC60DC629BC250B0051F92E /* TmdbDataService.swift */ = {isa = PBXFileReference; lastKnownFileType = sourcecode.swift; path = TmdbDataService.swift; sourceTree = "<group>"; };
		7CCE6F5C29BC281E006F2EF8 /* TrendingModel.swift */ = {isa = PBXFileReference; lastKnownFileType = sourcecode.swift; path = TrendingModel.swift; sourceTree = "<group>"; };
		7CCE6F5E29BC2857006F2EF8 /* TrendingViewModel.swift */ = {isa = PBXFileReference; lastKnownFileType = sourcecode.swift; path = TrendingViewModel.swift; sourceTree = "<group>"; };
		7CCE6F6129BC3762006F2EF8 /* MovieCard.swift */ = {isa = PBXFileReference; lastKnownFileType = sourcecode.swift; path = MovieCard.swift; sourceTree = "<group>"; };
		8E1867B3E16E479BEEACD8B7 /* Pods-TMDB_SWIFTUI-TMDB_SWIFTUIUITests.release.xcconfig */ = {isa = PBXFileReference; includeInIndex = 1; lastKnownFileType = text.xcconfig; name = "Pods-TMDB_SWIFTUI-TMDB_SWIFTUIUITests.release.xcconfig"; path = "Target Support Files/Pods-TMDB_SWIFTUI-TMDB_SWIFTUIUITests/Pods-TMDB_SWIFTUI-TMDB_SWIFTUIUITests.release.xcconfig"; sourceTree = "<group>"; };
		B5C99BAF362E2CEE3223CB4C /* Pods-TMDB_SWIFTUITests.debug.xcconfig */ = {isa = PBXFileReference; includeInIndex = 1; lastKnownFileType = text.xcconfig; name = "Pods-TMDB_SWIFTUITests.debug.xcconfig"; path = "Target Support Files/Pods-TMDB_SWIFTUITests/Pods-TMDB_SWIFTUITests.debug.xcconfig"; sourceTree = "<group>"; };
		BB79B2B3BDEFB2E59726DD4F /* Pods-TMDB_SWIFTUI.release.xcconfig */ = {isa = PBXFileReference; includeInIndex = 1; lastKnownFileType = text.xcconfig; name = "Pods-TMDB_SWIFTUI.release.xcconfig"; path = "Target Support Files/Pods-TMDB_SWIFTUI/Pods-TMDB_SWIFTUI.release.xcconfig"; sourceTree = "<group>"; };
		DE9DB394672731F43254ECB3 /* Pods_TMDB_SWIFTUI.framework */ = {isa = PBXFileReference; explicitFileType = wrapper.framework; includeInIndex = 0; path = Pods_TMDB_SWIFTUI.framework; sourceTree = BUILT_PRODUCTS_DIR; };
/* End PBXFileReference section */

/* Begin PBXFrameworksBuildPhase section */
		7CC60D8D29BC23AD0051F92E /* Frameworks */ = {
			isa = PBXFrameworksBuildPhase;
			buildActionMask = 2147483647;
			files = (
				414C9CA0F08BFF68769743F8 /* Pods_TMDB_SWIFTUI.framework in Frameworks */,
			);
			runOnlyForDeploymentPostprocessing = 0;
		};
		7CC60D9D29BC23AE0051F92E /* Frameworks */ = {
			isa = PBXFrameworksBuildPhase;
			buildActionMask = 2147483647;
			files = (
				2CF8CA33A8A97CF10F1C2D75 /* Pods_TMDB_SWIFTUITests.framework in Frameworks */,
			);
			runOnlyForDeploymentPostprocessing = 0;
		};
		7CC60DA729BC23AF0051F92E /* Frameworks */ = {
			isa = PBXFrameworksBuildPhase;
			buildActionMask = 2147483647;
			files = (
				91083FEBFC4D021489844E99 /* Pods_TMDB_SWIFTUI_TMDB_SWIFTUIUITests.framework in Frameworks */,
			);
			runOnlyForDeploymentPostprocessing = 0;
		};
/* End PBXFrameworksBuildPhase section */

/* Begin PBXGroup section */
		5113A93FB41F6BD3B0CEA67D /* Pods */ = {
			isa = PBXGroup;
			children = (
				0F2FCF03BF1D5AA0416727D3 /* Pods-TMDB_SWIFTUI.debug.xcconfig */,
				BB79B2B3BDEFB2E59726DD4F /* Pods-TMDB_SWIFTUI.release.xcconfig */,
				20A3AB6EBF012CF734491E40 /* Pods-TMDB_SWIFTUI-TMDB_SWIFTUIUITests.debug.xcconfig */,
				8E1867B3E16E479BEEACD8B7 /* Pods-TMDB_SWIFTUI-TMDB_SWIFTUIUITests.release.xcconfig */,
				B5C99BAF362E2CEE3223CB4C /* Pods-TMDB_SWIFTUITests.debug.xcconfig */,
				44BD7157520BF88EA27A0BC4 /* Pods-TMDB_SWIFTUITests.release.xcconfig */,
			);
			path = Pods;
			sourceTree = "<group>";
		};
		7CBE129529BC5CEA00B6948B /* MovieImage */ = {
			isa = PBXGroup;
			children = (
				7CBE129629BC5D0500B6948B /* MovieImage.swift */,
			);
			path = MovieImage;
			sourceTree = "<group>";
		};
		7CBE129829BD7A4C00B6948B /* TrendingView */ = {
			isa = PBXGroup;
			children = (
				7CBE129A29BD7A6900B6948B /* TrendingView.swift */,
			);
			path = TrendingView;
			sourceTree = "<group>";
		};
		7CBE129E29BDBDC100B6948B /* TmdbDetailView */ = {
			isa = PBXGroup;
			children = (
				7CBE129F29BDBEA600B6948B /* TmdbDetailsView.swift */,
			);
			path = TmdbDetailView;
			sourceTree = "<group>";
		};
		7CBE12A129BDC90400B6948B /* TmdbSearchView */ = {
			isa = PBXGroup;
			children = (
				7CBE12A229BDCAD200B6948B /* SearchView.swift */,
			);
			path = TmdbSearchView;
			sourceTree = "<group>";
		};
		7CBE12A429BE228100B6948B /* Assets */ = {
			isa = PBXGroup;
			children = (
				7CBE12A529BE22A300B6948B /* Simulator Screen Recording - iPhone 14 Pro - 2023-03-12 at 20.44.25.gif */,
			);
			path = Assets;
			sourceTree = "<group>";
		};
		7CC60D8729BC23AD0051F92E = {
			isa = PBXGroup;
			children = (
				7CBE12A429BE228100B6948B /* Assets */,
				7CC60D9229BC23AD0051F92E /* TMDB_SWIFTUI */,
				7CC60DA329BC23AE0051F92E /* TMDB_SWIFTUITests */,
				7CC60DAD29BC23AF0051F92E /* TMDB_SWIFTUIUITests */,
				7CC60D9129BC23AD0051F92E /* Products */,
				5113A93FB41F6BD3B0CEA67D /* Pods */,
				B8E402E9F4C483F8E7991B82 /* Frameworks */,
			);
			sourceTree = "<group>";
		};
		7CC60D9129BC23AD0051F92E /* Products */ = {
			isa = PBXGroup;
			children = (
				7CC60D9029BC23AD0051F92E /* TMDB_SWIFTUI.app */,
				7CC60DA029BC23AE0051F92E /* TMDB_SWIFTUITests.xctest */,
				7CC60DAA29BC23AF0051F92E /* TMDB_SWIFTUIUITests.xctest */,
			);
			name = Products;
			sourceTree = "<group>";
		};
		7CC60D9229BC23AD0051F92E /* TMDB_SWIFTUI */ = {
			isa = PBXGroup;
			children = (
				7CCE6F6029BC33A1006F2EF8 /* TmdbViews */,
				7CCE6F5B29BC27ED006F2EF8 /* TmdbDataModel */,
				7CC60DBE29BC24520051F92E /* TmdbDataServices */,
				7CC60DBD29BC243B0051F92E /* TmdbViewModel */,
				7CC60D9329BC23AD0051F92E /* TMDB_SWIFTUIApp.swift */,
				7CC60D9729BC23AE0051F92E /* Assets.xcassets */,
				7CC60D9929BC23AE0051F92E /* Preview Content */,
			);
			path = TMDB_SWIFTUI;
			sourceTree = "<group>";
		};
		7CC60D9929BC23AE0051F92E /* Preview Content */ = {
			isa = PBXGroup;
			children = (
				7CC60D9A29BC23AE0051F92E /* Preview Assets.xcassets */,
			);
			path = "Preview Content";
			sourceTree = "<group>";
		};
		7CC60DA329BC23AE0051F92E /* TMDB_SWIFTUITests */ = {
			isa = PBXGroup;
			children = (
				7CC60DA429BC23AE0051F92E /* TMDB_SWIFTUITests.swift */,
			);
			path = TMDB_SWIFTUITests;
			sourceTree = "<group>";
		};
		7CC60DAD29BC23AF0051F92E /* TMDB_SWIFTUIUITests */ = {
			isa = PBXGroup;
			children = (
				7CC60DAE29BC23AF0051F92E /* TMDB_SWIFTUIUITests.swift */,
				7CC60DB029BC23AF0051F92E /* TMDB_SWIFTUIUITestsLaunchTests.swift */,
			);
			path = TMDB_SWIFTUIUITests;
			sourceTree = "<group>";
		};
		7CC60DBD29BC243B0051F92E /* TmdbViewModel */ = {
			isa = PBXGroup;
			children = (
				7CCE6F5E29BC2857006F2EF8 /* TrendingViewModel.swift */,
			);
			path = TmdbViewModel;
			sourceTree = "<group>";
		};
		7CC60DBE29BC24520051F92E /* TmdbDataServices */ = {
			isa = PBXGroup;
			children = (
				7CC60DBF29BC24970051F92E /* AppUrls.swift */,
				7CC60DC129BC24B50051F92E /* ApiConstants.swift */,
				7CC60DC429BC24EB0051F92E /* ApiErrors.swift */,
				7CC60DC629BC250B0051F92E /* TmdbDataService.swift */,
			);
			path = TmdbDataServices;
			sourceTree = "<group>";
		};
		7CCE6F5B29BC27ED006F2EF8 /* TmdbDataModel */ = {
			isa = PBXGroup;
			children = (
				7CCE6F5C29BC281E006F2EF8 /* TrendingModel.swift */,
			);
			path = TmdbDataModel;
			sourceTree = "<group>";
		};
		7CCE6F6029BC33A1006F2EF8 /* TmdbViews */ = {
			isa = PBXGroup;
			children = (
				7CBE12A129BDC90400B6948B /* TmdbSearchView */,
				7CBE129E29BDBDC100B6948B /* TmdbDetailView */,
				7CBE129829BD7A4C00B6948B /* TrendingView */,
				7CBE129529BC5CEA00B6948B /* MovieImage */,
				7CC60D9529BC23AD0051F92E /* TmdbInitialView.swift */,
				7CCE6F6129BC3762006F2EF8 /* MovieCard.swift */,
			);
			path = TmdbViews;
			sourceTree = "<group>";
		};
		B8E402E9F4C483F8E7991B82 /* Frameworks */ = {
			isa = PBXGroup;
			children = (
				DE9DB394672731F43254ECB3 /* Pods_TMDB_SWIFTUI.framework */,
				2CC71071D6931DF01F422831 /* Pods_TMDB_SWIFTUI_TMDB_SWIFTUIUITests.framework */,
				1C06BE8C1C5E6515E6237529 /* Pods_TMDB_SWIFTUITests.framework */,
			);
			name = Frameworks;
			sourceTree = "<group>";
		};
/* End PBXGroup section */

/* Begin PBXNativeTarget section */
		7CC60D8F29BC23AD0051F92E /* TMDB_SWIFTUI */ = {
			isa = PBXNativeTarget;
			buildConfigurationList = 7CC60DB429BC23AF0051F92E /* Build configuration list for PBXNativeTarget "TMDB_SWIFTUI" */;
			buildPhases = (
				1580395B5711DD5BFFEF3C23 /* [CP] Check Pods Manifest.lock */,
				7CC60D8C29BC23AD0051F92E /* Sources */,
				7CC60D8D29BC23AD0051F92E /* Frameworks */,
				7CC60D8E29BC23AD0051F92E /* Resources */,
				5E5C10DEB0F2C52ADD00BA0B /* [CP] Embed Pods Frameworks */,
			);
			buildRules = (
			);
			dependencies = (
			);
			name = TMDB_SWIFTUI;
			productName = TMDB_SWIFTUI;
			productReference = 7CC60D9029BC23AD0051F92E /* TMDB_SWIFTUI.app */;
			productType = "com.apple.product-type.application";
		};
		7CC60D9F29BC23AE0051F92E /* TMDB_SWIFTUITests */ = {
			isa = PBXNativeTarget;
			buildConfigurationList = 7CC60DB729BC23AF0051F92E /* Build configuration list for PBXNativeTarget "TMDB_SWIFTUITests" */;
			buildPhases = (
				79E6609FC457EA6BA730FE37 /* [CP] Check Pods Manifest.lock */,
				7CC60D9C29BC23AE0051F92E /* Sources */,
				7CC60D9D29BC23AE0051F92E /* Frameworks */,
				7CC60D9E29BC23AE0051F92E /* Resources */,
			);
			buildRules = (
			);
			dependencies = (
				7CC60DA229BC23AE0051F92E /* PBXTargetDependency */,
			);
			name = TMDB_SWIFTUITests;
			productName = TMDB_SWIFTUITests;
			productReference = 7CC60DA029BC23AE0051F92E /* TMDB_SWIFTUITests.xctest */;
			productType = "com.apple.product-type.bundle.unit-test";
		};
		7CC60DA929BC23AF0051F92E /* TMDB_SWIFTUIUITests */ = {
			isa = PBXNativeTarget;
			buildConfigurationList = 7CC60DBA29BC23AF0051F92E /* Build configuration list for PBXNativeTarget "TMDB_SWIFTUIUITests" */;
			buildPhases = (
				49E19D5577E0C723272FF5ED /* [CP] Check Pods Manifest.lock */,
				7CC60DA629BC23AF0051F92E /* Sources */,
				7CC60DA729BC23AF0051F92E /* Frameworks */,
				7CC60DA829BC23AF0051F92E /* Resources */,
				DCEA1A74AB56863C2E240C43 /* [CP] Embed Pods Frameworks */,
			);
			buildRules = (
			);
			dependencies = (
				7CC60DAC29BC23AF0051F92E /* PBXTargetDependency */,
			);
			name = TMDB_SWIFTUIUITests;
			productName = TMDB_SWIFTUIUITests;
			productReference = 7CC60DAA29BC23AF0051F92E /* TMDB_SWIFTUIUITests.xctest */;
			productType = "com.apple.product-type.bundle.ui-testing";
		};
/* End PBXNativeTarget section */

/* Begin PBXProject section */
		7CC60D8829BC23AD0051F92E /* Project object */ = {
			isa = PBXProject;
			attributes = {
				BuildIndependentTargetsInParallel = 1;
				LastSwiftUpdateCheck = 1420;
				LastUpgradeCheck = 1420;
				TargetAttributes = {
					7CC60D8F29BC23AD0051F92E = {
						CreatedOnToolsVersion = 14.2;
					};
					7CC60D9F29BC23AE0051F92E = {
						CreatedOnToolsVersion = 14.2;
						TestTargetID = 7CC60D8F29BC23AD0051F92E;
					};
					7CC60DA929BC23AF0051F92E = {
						CreatedOnToolsVersion = 14.2;
						TestTargetID = 7CC60D8F29BC23AD0051F92E;
					};
				};
			};
			buildConfigurationList = 7CC60D8B29BC23AD0051F92E /* Build configuration list for PBXProject "TMDB_SWIFTUI" */;
			compatibilityVersion = "Xcode 14.0";
			developmentRegion = en;
			hasScannedForEncodings = 0;
			knownRegions = (
				en,
				Base,
			);
			mainGroup = 7CC60D8729BC23AD0051F92E;
			productRefGroup = 7CC60D9129BC23AD0051F92E /* Products */;
			projectDirPath = "";
			projectRoot = "";
			targets = (
				7CC60D8F29BC23AD0051F92E /* TMDB_SWIFTUI */,
				7CC60D9F29BC23AE0051F92E /* TMDB_SWIFTUITests */,
				7CC60DA929BC23AF0051F92E /* TMDB_SWIFTUIUITests */,
			);
		};
/* End PBXProject section */

/* Begin PBXResourcesBuildPhase section */
		7CC60D8E29BC23AD0051F92E /* Resources */ = {
			isa = PBXResourcesBuildPhase;
			buildActionMask = 2147483647;
			files = (
				7CBE12A629BE22A300B6948B /* Simulator Screen Recording - iPhone 14 Pro - 2023-03-12 at 20.44.25.gif in Resources */,
				7CC60D9B29BC23AE0051F92E /* Preview Assets.xcassets in Resources */,
				7CC60D9829BC23AE0051F92E /* Assets.xcassets in Resources */,
			);
			runOnlyForDeploymentPostprocessing = 0;
		};
		7CC60D9E29BC23AE0051F92E /* Resources */ = {
			isa = PBXResourcesBuildPhase;
			buildActionMask = 2147483647;
			files = (
			);
			runOnlyForDeploymentPostprocessing = 0;
		};
		7CC60DA829BC23AF0051F92E /* Resources */ = {
			isa = PBXResourcesBuildPhase;
			buildActionMask = 2147483647;
			files = (
			);
			runOnlyForDeploymentPostprocessing = 0;
		};
/* End PBXResourcesBuildPhase section */

/* Begin PBXShellScriptBuildPhase section */
		1580395B5711DD5BFFEF3C23 /* [CP] Check Pods Manifest.lock */ = {
			isa = PBXShellScriptBuildPhase;
			buildActionMask = 2147483647;
			files = (
			);
			inputFileListPaths = (
			);
			inputPaths = (
				"${PODS_PODFILE_DIR_PATH}/Podfile.lock",
				"${PODS_ROOT}/Manifest.lock",
			);
			name = "[CP] Check Pods Manifest.lock";
			outputFileListPaths = (
			);
			outputPaths = (
				"$(DERIVED_FILE_DIR)/Pods-TMDB_SWIFTUI-checkManifestLockResult.txt",
			);
			runOnlyForDeploymentPostprocessing = 0;
			shellPath = /bin/sh;
			shellScript = "diff \"${PODS_PODFILE_DIR_PATH}/Podfile.lock\" \"${PODS_ROOT}/Manifest.lock\" > /dev/null\nif [ $? != 0 ] ; then\n    # print error to STDERR\n    echo \"error: The sandbox is not in sync with the Podfile.lock. Run 'pod install' or update your CocoaPods installation.\" >&2\n    exit 1\nfi\n# This output is used by Xcode 'outputs' to avoid re-running this script phase.\necho \"SUCCESS\" > \"${SCRIPT_OUTPUT_FILE_0}\"\n";
			showEnvVarsInLog = 0;
		};
		49E19D5577E0C723272FF5ED /* [CP] Check Pods Manifest.lock */ = {
			isa = PBXShellScriptBuildPhase;
			buildActionMask = 2147483647;
			files = (
			);
			inputFileListPaths = (
			);
			inputPaths = (
				"${PODS_PODFILE_DIR_PATH}/Podfile.lock",
				"${PODS_ROOT}/Manifest.lock",
			);
			name = "[CP] Check Pods Manifest.lock";
			outputFileListPaths = (
			);
			outputPaths = (
				"$(DERIVED_FILE_DIR)/Pods-TMDB_SWIFTUI-TMDB_SWIFTUIUITests-checkManifestLockResult.txt",
			);
			runOnlyForDeploymentPostprocessing = 0;
			shellPath = /bin/sh;
			shellScript = "diff \"${PODS_PODFILE_DIR_PATH}/Podfile.lock\" \"${PODS_ROOT}/Manifest.lock\" > /dev/null\nif [ $? != 0 ] ; then\n    # print error to STDERR\n    echo \"error: The sandbox is not in sync with the Podfile.lock. Run 'pod install' or update your CocoaPods installation.\" >&2\n    exit 1\nfi\n# This output is used by Xcode 'outputs' to avoid re-running this script phase.\necho \"SUCCESS\" > \"${SCRIPT_OUTPUT_FILE_0}\"\n";
			showEnvVarsInLog = 0;
		};
		5E5C10DEB0F2C52ADD00BA0B /* [CP] Embed Pods Frameworks */ = {
			isa = PBXShellScriptBuildPhase;
			buildActionMask = 2147483647;
			files = (
			);
			inputFileListPaths = (
				"${PODS_ROOT}/Target Support Files/Pods-TMDB_SWIFTUI/Pods-TMDB_SWIFTUI-frameworks-${CONFIGURATION}-input-files.xcfilelist",
			);
			name = "[CP] Embed Pods Frameworks";
			outputFileListPaths = (
				"${PODS_ROOT}/Target Support Files/Pods-TMDB_SWIFTUI/Pods-TMDB_SWIFTUI-frameworks-${CONFIGURATION}-output-files.xcfilelist",
			);
			runOnlyForDeploymentPostprocessing = 0;
			shellPath = /bin/sh;
			shellScript = "\"${PODS_ROOT}/Target Support Files/Pods-TMDB_SWIFTUI/Pods-TMDB_SWIFTUI-frameworks.sh\"\n";
			showEnvVarsInLog = 0;
		};
		79E6609FC457EA6BA730FE37 /* [CP] Check Pods Manifest.lock */ = {
			isa = PBXShellScriptBuildPhase;
			buildActionMask = 2147483647;
			files = (
			);
			inputFileListPaths = (
			);
			inputPaths = (
				"${PODS_PODFILE_DIR_PATH}/Podfile.lock",
				"${PODS_ROOT}/Manifest.lock",
			);
			name = "[CP] Check Pods Manifest.lock";
			outputFileListPaths = (
			);
			outputPaths = (
				"$(DERIVED_FILE_DIR)/Pods-TMDB_SWIFTUITests-checkManifestLockResult.txt",
			);
			runOnlyForDeploymentPostprocessing = 0;
			shellPath = /bin/sh;
			shellScript = "diff \"${PODS_PODFILE_DIR_PATH}/Podfile.lock\" \"${PODS_ROOT}/Manifest.lock\" > /dev/null\nif [ $? != 0 ] ; then\n    # print error to STDERR\n    echo \"error: The sandbox is not in sync with the Podfile.lock. Run 'pod install' or update your CocoaPods installation.\" >&2\n    exit 1\nfi\n# This output is used by Xcode 'outputs' to avoid re-running this script phase.\necho \"SUCCESS\" > \"${SCRIPT_OUTPUT_FILE_0}\"\n";
			showEnvVarsInLog = 0;
		};
		DCEA1A74AB56863C2E240C43 /* [CP] Embed Pods Frameworks */ = {
			isa = PBXShellScriptBuildPhase;
			buildActionMask = 2147483647;
			files = (
			);
			inputFileListPaths = (
				"${PODS_ROOT}/Target Support Files/Pods-TMDB_SWIFTUI-TMDB_SWIFTUIUITests/Pods-TMDB_SWIFTUI-TMDB_SWIFTUIUITests-frameworks-${CONFIGURATION}-input-files.xcfilelist",
			);
			name = "[CP] Embed Pods Frameworks";
			outputFileListPaths = (
				"${PODS_ROOT}/Target Support Files/Pods-TMDB_SWIFTUI-TMDB_SWIFTUIUITests/Pods-TMDB_SWIFTUI-TMDB_SWIFTUIUITests-frameworks-${CONFIGURATION}-output-files.xcfilelist",
			);
			runOnlyForDeploymentPostprocessing = 0;
			shellPath = /bin/sh;
			shellScript = "\"${PODS_ROOT}/Target Support Files/Pods-TMDB_SWIFTUI-TMDB_SWIFTUIUITests/Pods-TMDB_SWIFTUI-TMDB_SWIFTUIUITests-frameworks.sh\"\n";
			showEnvVarsInLog = 0;
		};
/* End PBXShellScriptBuildPhase section */

/* Begin PBXSourcesBuildPhase section */
		7CC60D8C29BC23AD0051F92E /* Sources */ = {
			isa = PBXSourcesBuildPhase;
			buildActionMask = 2147483647;
			files = (
				7CC60DC729BC250B0051F92E /* TmdbDataService.swift in Sources */,
				7CCE6F5F29BC2857006F2EF8 /* TrendingViewModel.swift in Sources */,
				7CBE129B29BD7A6900B6948B /* TrendingView.swift in Sources */,
				7CC60DC229BC24B50051F92E /* ApiConstants.swift in Sources */,
				7CBE12A029BDBEA600B6948B /* TmdbDetailsView.swift in Sources */,
				7CC60DC529BC24EB0051F92E /* ApiErrors.swift in Sources */,
				7CC60D9629BC23AD0051F92E /* TmdbInitialView.swift in Sources */,
				7CC60D9429BC23AD0051F92E /* TMDB_SWIFTUIApp.swift in Sources */,
				7CBE12A329BDCAD200B6948B /* SearchView.swift in Sources */,
				7CCE6F5D29BC281E006F2EF8 /* TrendingModel.swift in Sources */,
				7CBE129729BC5D0500B6948B /* MovieImage.swift in Sources */,
				7CC60DC029BC24970051F92E /* AppUrls.swift in Sources */,
				7CCE6F6229BC3762006F2EF8 /* MovieCard.swift in Sources */,
			);
			runOnlyForDeploymentPostprocessing = 0;
		};
		7CC60D9C29BC23AE0051F92E /* Sources */ = {
			isa = PBXSourcesBuildPhase;
			buildActionMask = 2147483647;
			files = (
				7CC60DA529BC23AE0051F92E /* TMDB_SWIFTUITests.swift in Sources */,
			);
			runOnlyForDeploymentPostprocessing = 0;
		};
		7CC60DA629BC23AF0051F92E /* Sources */ = {
			isa = PBXSourcesBuildPhase;
			buildActionMask = 2147483647;
			files = (
				7CC60DAF29BC23AF0051F92E /* TMDB_SWIFTUIUITests.swift in Sources */,
				7CC60DB129BC23AF0051F92E /* TMDB_SWIFTUIUITestsLaunchTests.swift in Sources */,
			);
			runOnlyForDeploymentPostprocessing = 0;
		};
/* End PBXSourcesBuildPhase section */

/* Begin PBXTargetDependency section */
		7CC60DA229BC23AE0051F92E /* PBXTargetDependency */ = {
			isa = PBXTargetDependency;
			target = 7CC60D8F29BC23AD0051F92E /* TMDB_SWIFTUI */;
			targetProxy = 7CC60DA129BC23AE0051F92E /* PBXContainerItemProxy */;
		};
		7CC60DAC29BC23AF0051F92E /* PBXTargetDependency */ = {
			isa = PBXTargetDependency;
			target = 7CC60D8F29BC23AD0051F92E /* TMDB_SWIFTUI */;
			targetProxy = 7CC60DAB29BC23AF0051F92E /* PBXContainerItemProxy */;
		};
/* End PBXTargetDependency section */

/* Begin XCBuildConfiguration section */
		7CC60DB229BC23AF0051F92E /* Debug */ = {
			isa = XCBuildConfiguration;
			buildSettings = {
				ALWAYS_SEARCH_USER_PATHS = NO;
				CLANG_ANALYZER_NONNULL = YES;
				CLANG_ANALYZER_NUMBER_OBJECT_CONVERSION = YES_AGGRESSIVE;
				CLANG_CXX_LANGUAGE_STANDARD = "gnu++20";
				CLANG_ENABLE_MODULES = YES;
				CLANG_ENABLE_OBJC_ARC = YES;
				CLANG_ENABLE_OBJC_WEAK = YES;
				CLANG_WARN_BLOCK_CAPTURE_AUTORELEASING = YES;
				CLANG_WARN_BOOL_CONVERSION = YES;
				CLANG_WARN_COMMA = YES;
				CLANG_WARN_CONSTANT_CONVERSION = YES;
				CLANG_WARN_DEPRECATED_OBJC_IMPLEMENTATIONS = YES;
				CLANG_WARN_DIRECT_OBJC_ISA_USAGE = YES_ERROR;
				CLANG_WARN_DOCUMENTATION_COMMENTS = YES;
				CLANG_WARN_EMPTY_BODY = YES;
				CLANG_WARN_ENUM_CONVERSION = YES;
				CLANG_WARN_INFINITE_RECURSION = YES;
				CLANG_WARN_INT_CONVERSION = YES;
				CLANG_WARN_NON_LITERAL_NULL_CONVERSION = YES;
				CLANG_WARN_OBJC_IMPLICIT_RETAIN_SELF = YES;
				CLANG_WARN_OBJC_LITERAL_CONVERSION = YES;
				CLANG_WARN_OBJC_ROOT_CLASS = YES_ERROR;
				CLANG_WARN_QUOTED_INCLUDE_IN_FRAMEWORK_HEADER = YES;
				CLANG_WARN_RANGE_LOOP_ANALYSIS = YES;
				CLANG_WARN_STRICT_PROTOTYPES = YES;
				CLANG_WARN_SUSPICIOUS_MOVE = YES;
				CLANG_WARN_UNGUARDED_AVAILABILITY = YES_AGGRESSIVE;
				CLANG_WARN_UNREACHABLE_CODE = YES;
				CLANG_WARN__DUPLICATE_METHOD_MATCH = YES;
				COPY_PHASE_STRIP = NO;
				DEBUG_INFORMATION_FORMAT = dwarf;
				ENABLE_STRICT_OBJC_MSGSEND = YES;
				ENABLE_TESTABILITY = YES;
				GCC_C_LANGUAGE_STANDARD = gnu11;
				GCC_DYNAMIC_NO_PIC = NO;
				GCC_NO_COMMON_BLOCKS = YES;
				GCC_OPTIMIZATION_LEVEL = 0;
				GCC_PREPROCESSOR_DEFINITIONS = (
					"DEBUG=1",
					"$(inherited)",
				);
				GCC_WARN_64_TO_32_BIT_CONVERSION = YES;
				GCC_WARN_ABOUT_RETURN_TYPE = YES_ERROR;
				GCC_WARN_UNDECLARED_SELECTOR = YES;
				GCC_WARN_UNINITIALIZED_AUTOS = YES_AGGRESSIVE;
				GCC_WARN_UNUSED_FUNCTION = YES;
				GCC_WARN_UNUSED_VARIABLE = YES;
				IPHONEOS_DEPLOYMENT_TARGET = 16.2;
				MTL_ENABLE_DEBUG_INFO = INCLUDE_SOURCE;
				MTL_FAST_MATH = YES;
				ONLY_ACTIVE_ARCH = YES;
				SDKROOT = iphoneos;
				SWIFT_ACTIVE_COMPILATION_CONDITIONS = DEBUG;
				SWIFT_OPTIMIZATION_LEVEL = "-Onone";
			};
			name = Debug;
		};
		7CC60DB329BC23AF0051F92E /* Release */ = {
			isa = XCBuildConfiguration;
			buildSettings = {
				ALWAYS_SEARCH_USER_PATHS = NO;
				CLANG_ANALYZER_NONNULL = YES;
				CLANG_ANALYZER_NUMBER_OBJECT_CONVERSION = YES_AGGRESSIVE;
				CLANG_CXX_LANGUAGE_STANDARD = "gnu++20";
				CLANG_ENABLE_MODULES = YES;
				CLANG_ENABLE_OBJC_ARC = YES;
				CLANG_ENABLE_OBJC_WEAK = YES;
				CLANG_WARN_BLOCK_CAPTURE_AUTORELEASING = YES;
				CLANG_WARN_BOOL_CONVERSION = YES;
				CLANG_WARN_COMMA = YES;
				CLANG_WARN_CONSTANT_CONVERSION = YES;
				CLANG_WARN_DEPRECATED_OBJC_IMPLEMENTATIONS = YES;
				CLANG_WARN_DIRECT_OBJC_ISA_USAGE = YES_ERROR;
				CLANG_WARN_DOCUMENTATION_COMMENTS = YES;
				CLANG_WARN_EMPTY_BODY = YES;
				CLANG_WARN_ENUM_CONVERSION = YES;
				CLANG_WARN_INFINITE_RECURSION = YES;
				CLANG_WARN_INT_CONVERSION = YES;
				CLANG_WARN_NON_LITERAL_NULL_CONVERSION = YES;
				CLANG_WARN_OBJC_IMPLICIT_RETAIN_SELF = YES;
				CLANG_WARN_OBJC_LITERAL_CONVERSION = YES;
				CLANG_WARN_OBJC_ROOT_CLASS = YES_ERROR;
				CLANG_WARN_QUOTED_INCLUDE_IN_FRAMEWORK_HEADER = YES;
				CLANG_WARN_RANGE_LOOP_ANALYSIS = YES;
				CLANG_WARN_STRICT_PROTOTYPES = YES;
				CLANG_WARN_SUSPICIOUS_MOVE = YES;
				CLANG_WARN_UNGUARDED_AVAILABILITY = YES_AGGRESSIVE;
				CLANG_WARN_UNREACHABLE_CODE = YES;
				CLANG_WARN__DUPLICATE_METHOD_MATCH = YES;
				COPY_PHASE_STRIP = NO;
				DEBUG_INFORMATION_FORMAT = "dwarf-with-dsym";
				ENABLE_NS_ASSERTIONS = NO;
				ENABLE_STRICT_OBJC_MSGSEND = YES;
				GCC_C_LANGUAGE_STANDARD = gnu11;
				GCC_NO_COMMON_BLOCKS = YES;
				GCC_WARN_64_TO_32_BIT_CONVERSION = YES;
				GCC_WARN_ABOUT_RETURN_TYPE = YES_ERROR;
				GCC_WARN_UNDECLARED_SELECTOR = YES;
				GCC_WARN_UNINITIALIZED_AUTOS = YES_AGGRESSIVE;
				GCC_WARN_UNUSED_FUNCTION = YES;
				GCC_WARN_UNUSED_VARIABLE = YES;
				IPHONEOS_DEPLOYMENT_TARGET = 16.2;
				MTL_ENABLE_DEBUG_INFO = NO;
				MTL_FAST_MATH = YES;
				SDKROOT = iphoneos;
				SWIFT_COMPILATION_MODE = wholemodule;
				SWIFT_OPTIMIZATION_LEVEL = "-O";
				VALIDATE_PRODUCT = YES;
			};
			name = Release;
		};
		7CC60DB529BC23AF0051F92E /* Debug */ = {
			isa = XCBuildConfiguration;
			baseConfigurationReference = 0F2FCF03BF1D5AA0416727D3 /* Pods-TMDB_SWIFTUI.debug.xcconfig */;
			buildSettings = {
				ASSETCATALOG_COMPILER_APPICON_NAME = AppIcon;
				ASSETCATALOG_COMPILER_GLOBAL_ACCENT_COLOR_NAME = AccentColor;
				CODE_SIGN_STYLE = Automatic;
				CURRENT_PROJECT_VERSION = 1;
				DEVELOPMENT_ASSET_PATHS = "\"TMDB_SWIFTUI/Preview Content\"";
				ENABLE_PREVIEWS = YES;
				GENERATE_INFOPLIST_FILE = YES;
				INFOPLIST_KEY_UIApplicationSceneManifest_Generation = YES;
				INFOPLIST_KEY_UIApplicationSupportsIndirectInputEvents = YES;
				INFOPLIST_KEY_UILaunchScreen_Generation = YES;
				INFOPLIST_KEY_UISupportedInterfaceOrientations_iPad = "UIInterfaceOrientationPortrait UIInterfaceOrientationPortraitUpsideDown UIInterfaceOrientationLandscapeLeft UIInterfaceOrientationLandscapeRight";
				INFOPLIST_KEY_UISupportedInterfaceOrientations_iPhone = "UIInterfaceOrientationPortrait UIInterfaceOrientationLandscapeLeft UIInterfaceOrientationLandscapeRight";
				LD_RUNPATH_SEARCH_PATHS = (
					"$(inherited)",
					"@executable_path/Frameworks",
				);
				MARKETING_VERSION = 1.0;
				PRODUCT_BUNDLE_IDENTIFIER = "none.TMDB-SWIFTUI";
				PRODUCT_NAME = "$(TARGET_NAME)";
				SWIFT_EMIT_LOC_STRINGS = YES;
				SWIFT_VERSION = 5.0;
				TARGETED_DEVICE_FAMILY = "1,2";
			};
			name = Debug;
		};
		7CC60DB629BC23AF0051F92E /* Release */ = {
			isa = XCBuildConfiguration;
			baseConfigurationReference = BB79B2B3BDEFB2E59726DD4F /* Pods-TMDB_SWIFTUI.release.xcconfig */;
			buildSettings = {
				ASSETCATALOG_COMPILER_APPICON_NAME = AppIcon;
				ASSETCATALOG_COMPILER_GLOBAL_ACCENT_COLOR_NAME = AccentColor;
				CODE_SIGN_STYLE = Automatic;
				CURRENT_PROJECT_VERSION = 1;
				DEVELOPMENT_ASSET_PATHS = "\"TMDB_SWIFTUI/Preview Content\"";
				ENABLE_PREVIEWS = YES;
				GENERATE_INFOPLIST_FILE = YES;
				INFOPLIST_KEY_UIApplicationSceneManifest_Generation = YES;
				INFOPLIST_KEY_UIApplicationSupportsIndirectInputEvents = YES;
				INFOPLIST_KEY_UILaunchScreen_Generation = YES;
				INFOPLIST_KEY_UISupportedInterfaceOrientations_iPad = "UIInterfaceOrientationPortrait UIInterfaceOrientationPortraitUpsideDown UIInterfaceOrientationLandscapeLeft UIInterfaceOrientationLandscapeRight";
				INFOPLIST_KEY_UISupportedInterfaceOrientations_iPhone = "UIInterfaceOrientationPortrait UIInterfaceOrientationLandscapeLeft UIInterfaceOrientationLandscapeRight";
				LD_RUNPATH_SEARCH_PATHS = (
					"$(inherited)",
					"@executable_path/Frameworks",
				);
				MARKETING_VERSION = 1.0;
				PRODUCT_BUNDLE_IDENTIFIER = "none.TMDB-SWIFTUI";
				PRODUCT_NAME = "$(TARGET_NAME)";
				SWIFT_EMIT_LOC_STRINGS = YES;
				SWIFT_VERSION = 5.0;
				TARGETED_DEVICE_FAMILY = "1,2";
			};
			name = Release;
		};
		7CC60DB829BC23AF0051F92E /* Debug */ = {
			isa = XCBuildConfiguration;
			baseConfigurationReference = B5C99BAF362E2CEE3223CB4C /* Pods-TMDB_SWIFTUITests.debug.xcconfig */;
			buildSettings = {
				ALWAYS_EMBED_SWIFT_STANDARD_LIBRARIES = YES;
				BUNDLE_LOADER = "$(TEST_HOST)";
				CODE_SIGN_STYLE = Automatic;
				CURRENT_PROJECT_VERSION = 1;
				GENERATE_INFOPLIST_FILE = YES;
				IPHONEOS_DEPLOYMENT_TARGET = 16.2;
				MARKETING_VERSION = 1.0;
				PRODUCT_BUNDLE_IDENTIFIER = "none.TMDB-SWIFTUITests";
				PRODUCT_NAME = "$(TARGET_NAME)";
				SWIFT_EMIT_LOC_STRINGS = NO;
				SWIFT_VERSION = 5.0;
				TARGETED_DEVICE_FAMILY = "1,2";
				TEST_HOST = "$(BUILT_PRODUCTS_DIR)/TMDB_SWIFTUI.app/$(BUNDLE_EXECUTABLE_FOLDER_PATH)/TMDB_SWIFTUI";
			};
			name = Debug;
		};
		7CC60DB929BC23AF0051F92E /* Release */ = {
			isa = XCBuildConfiguration;
			baseConfigurationReference = 44BD7157520BF88EA27A0BC4 /* Pods-TMDB_SWIFTUITests.release.xcconfig */;
			buildSettings = {
				ALWAYS_EMBED_SWIFT_STANDARD_LIBRARIES = YES;
				BUNDLE_LOADER = "$(TEST_HOST)";
				CODE_SIGN_STYLE = Automatic;
				CURRENT_PROJECT_VERSION = 1;
				GENERATE_INFOPLIST_FILE = YES;
				IPHONEOS_DEPLOYMENT_TARGET = 16.2;
				MARKETING_VERSION = 1.0;
				PRODUCT_BUNDLE_IDENTIFIER = "none.TMDB-SWIFTUITests";
				PRODUCT_NAME = "$(TARGET_NAME)";
				SWIFT_EMIT_LOC_STRINGS = NO;
				SWIFT_VERSION = 5.0;
				TARGETED_DEVICE_FAMILY = "1,2";
				TEST_HOST = "$(BUILT_PRODUCTS_DIR)/TMDB_SWIFTUI.app/$(BUNDLE_EXECUTABLE_FOLDER_PATH)/TMDB_SWIFTUI";
			};
			name = Release;
		};
		7CC60DBB29BC23AF0051F92E /* Debug */ = {
			isa = XCBuildConfiguration;
			baseConfigurationReference = 20A3AB6EBF012CF734491E40 /* Pods-TMDB_SWIFTUI-TMDB_SWIFTUIUITests.debug.xcconfig */;
			buildSettings = {
				ALWAYS_EMBED_SWIFT_STANDARD_LIBRARIES = YES;
				CODE_SIGN_STYLE = Automatic;
				CURRENT_PROJECT_VERSION = 1;
				GENERATE_INFOPLIST_FILE = YES;
				MARKETING_VERSION = 1.0;
				PRODUCT_BUNDLE_IDENTIFIER = "none.TMDB-SWIFTUIUITests";
				PRODUCT_NAME = "$(TARGET_NAME)";
				SWIFT_EMIT_LOC_STRINGS = NO;
				SWIFT_VERSION = 5.0;
				TARGETED_DEVICE_FAMILY = "1,2";
				TEST_TARGET_NAME = TMDB_SWIFTUI;
			};
			name = Debug;
		};
		7CC60DBC29BC23AF0051F92E /* Release */ = {
			isa = XCBuildConfiguration;
			baseConfigurationReference = 8E1867B3E16E479BEEACD8B7 /* Pods-TMDB_SWIFTUI-TMDB_SWIFTUIUITests.release.xcconfig */;
			buildSettings = {
				ALWAYS_EMBED_SWIFT_STANDARD_LIBRARIES = YES;
				CODE_SIGN_STYLE = Automatic;
				CURRENT_PROJECT_VERSION = 1;
				GENERATE_INFOPLIST_FILE = YES;
				MARKETING_VERSION = 1.0;
				PRODUCT_BUNDLE_IDENTIFIER = "none.TMDB-SWIFTUIUITests";
				PRODUCT_NAME = "$(TARGET_NAME)";
				SWIFT_EMIT_LOC_STRINGS = NO;
				SWIFT_VERSION = 5.0;
				TARGETED_DEVICE_FAMILY = "1,2";
				TEST_TARGET_NAME = TMDB_SWIFTUI;
			};
			name = Release;
		};
/* End XCBuildConfiguration section */

/* Begin XCConfigurationList section */
		7CC60D8B29BC23AD0051F92E /* Build configuration list for PBXProject "TMDB_SWIFTUI" */ = {
			isa = XCConfigurationList;
			buildConfigurations = (
				7CC60DB229BC23AF0051F92E /* Debug */,
				7CC60DB329BC23AF0051F92E /* Release */,
			);
			defaultConfigurationIsVisible = 0;
			defaultConfigurationName = Release;
		};
		7CC60DB429BC23AF0051F92E /* Build configuration list for PBXNativeTarget "TMDB_SWIFTUI" */ = {
			isa = XCConfigurationList;
			buildConfigurations = (
				7CC60DB529BC23AF0051F92E /* Debug */,
				7CC60DB629BC23AF0051F92E /* Release */,
			);
			defaultConfigurationIsVisible = 0;
			defaultConfigurationName = Release;
		};
		7CC60DB729BC23AF0051F92E /* Build configuration list for PBXNativeTarget "TMDB_SWIFTUITests" */ = {
			isa = XCConfigurationList;
			buildConfigurations = (
				7CC60DB829BC23AF0051F92E /* Debug */,
				7CC60DB929BC23AF0051F92E /* Release */,
			);
			defaultConfigurationIsVisible = 0;
			defaultConfigurationName = Release;
		};
		7CC60DBA29BC23AF0051F92E /* Build configuration list for PBXNativeTarget "TMDB_SWIFTUIUITests" */ = {
			isa = XCConfigurationList;
			buildConfigurations = (
				7CC60DBB29BC23AF0051F92E /* Debug */,
				7CC60DBC29BC23AF0051F92E /* Release */,
			);
			defaultConfigurationIsVisible = 0;
			defaultConfigurationName = Release;
		};
/* End XCConfigurationList section */
	};
	rootObject = 7CC60D8829BC23AD0051F92E /* Project object */;
}
